
Microsoft Visual Studio Solution File, Format Version 12.00
# Visual Studio Version 17
VisualStudioVersion = 17.0.31903.59
MinimumVisualStudioVersion = 10.0.40219.1
Project("{FAE04EC0-301F-11D3-BF4B-00C04F79EFBC}") = "CaveTreasureHunt.Data", "CaveTreasureHunt.Data\CaveTreasureHunt.Data.csproj", "{FA552D9D-AA9C-4ED4-9E5A-09EC9AB27FB7}"
EndProject
Project("{FAE04EC0-301F-11D3-BF4B-00C04F79EFBC}") = "CaveTreasureHunt.Repository", "CaveTreasureHunt.Repository\CaveTreasureHunt.Repository.csproj", "{CE804A7E-535E-4168-A2FD-A2BDF57D2529}"
EndProject
Project("{FAE04EC0-301F-11D3-BF4B-00C04F79EFBC}") = "CaveTreasureHunt.UI", "CaveTreasureHunt.UI\CaveTreasureHunt.UI.csproj", "{7A007565-1A7B-4A54-BA4E-28544BF0BDC8}"
EndProject
Global
	GlobalSection(SolutionConfigurationPlatforms) = preSolution
		Debug|Any CPU = Debug|Any CPU
		Release|Any CPU = Release|Any CPU
	EndGlobalSection
	GlobalSection(SolutionProperties) = preSolution
		HideSolutionNode = FALSE
	EndGlobalSection
	GlobalSection(ProjectConfigurationPlatforms) = postSolution
		{FA552D9D-AA9C-4ED4-9E5A-09EC9AB27FB7}.Debug|Any CPU.ActiveCfg = Debug|Any CPU
		{FA552D9D-AA9C-4ED4-9E5A-09EC9AB27FB7}.Debug|Any CPU.Build.0 = Debug|Any CPU
		{FA552D9D-AA9C-4ED4-9E5A-09EC9AB27FB7}.Release|Any CPU.ActiveCfg = Release|Any CPU
		{FA552D9D-AA9C-4ED4-9E5A-09EC9AB27FB7}.Release|Any CPU.Build.0 = Release|Any CPU
		{CE804A7E-535E-4168-A2FD-A2BDF57D2529}.Debug|Any CPU.ActiveCfg = Debug|Any CPU
		{CE804A7E-535E-4168-A2FD-A2BDF57D2529}.Debug|Any CPU.Build.0 = Debug|Any CPU
		{CE804A7E-535E-4168-A2FD-A2BDF57D2529}.Release|Any CPU.ActiveCfg = Release|Any CPU
		{CE804A7E-535E-4168-A2FD-A2BDF57D2529}.Release|Any CPU.Build.0 = Release|Any CPU
		{7A007565-1A7B-4A54-BA4E-28544BF0BDC8}.Debug|Any CPU.ActiveCfg = Debug|Any CPU
		{7A007565-1A7B-4A54-BA4E-28544BF0BDC8}.Debug|Any CPU.Build.0 = Debug|Any CPU
		{7A007565-1A7B-4A54-BA4E-28544BF0BDC8}.Release|Any CPU.ActiveCfg = Release|Any CPU
		{7A007565-1A7B-4A54-BA4E-28544BF0BDC8}.Release|Any CPU.Build.0 = Release|Any CPU
	EndGlobalSection
EndGlobal
